// !$*UTF8*$!
{
	archiveVersion = 1;
	classes = {
	};
	objectVersion = 55;
	objects = {

/* Begin PBXBuildFile section */
		D40079BD268F6EA000DBA5AF /* AppDelegate.swift in Sources */ = {isa = PBXBuildFile; fileRef = D40079BC268F6EA000DBA5AF /* AppDelegate.swift */; };
		D40079BF268F6EA000DBA5AF /* SceneDelegate.swift in Sources */ = {isa = PBXBuildFile; fileRef = D40079BE268F6EA000DBA5AF /* SceneDelegate.swift */; };
		D40079C1268F6EA000DBA5AF /* ViewController.swift in Sources */ = {isa = PBXBuildFile; fileRef = D40079C0268F6EA000DBA5AF /* ViewController.swift */; };
		D40079C4268F6EA000DBA5AF /* Main.storyboard in Resources */ = {isa = PBXBuildFile; fileRef = D40079C2268F6EA000DBA5AF /* Main.storyboard */; };
		D40079C6268F6EA100DBA5AF /* Assets.xcassets in Resources */ = {isa = PBXBuildFile; fileRef = D40079C5268F6EA100DBA5AF /* Assets.xcassets */; };
		D40079C9268F6EA100DBA5AF /* LaunchScreen.storyboard in Resources */ = {isa = PBXBuildFile; fileRef = D40079C7268F6EA100DBA5AF /* LaunchScreen.storyboard */; };
		D40079D4268F6EA100DBA5AF /* VideoToolboxSVCTests.swift in Sources */ = {isa = PBXBuildFile; fileRef = D40079D3268F6EA100DBA5AF /* VideoToolboxSVCTests.swift */; };
		D40079DE268F6EA100DBA5AF /* VideoToolboxSVCUITests.swift in Sources */ = {isa = PBXBuildFile; fileRef = D40079DD268F6EA100DBA5AF /* VideoToolboxSVCUITests.swift */; };
/* End PBXBuildFile section */

/* Begin PBXContainerItemProxy section */
		D40079D0268F6EA100DBA5AF /* PBXContainerItemProxy */ = {
			isa = PBXContainerItemProxy;
			containerPortal = D40079B1268F6EA000DBA5AF /* Project object */;
			proxyType = 1;
			remoteGlobalIDString = D40079B8268F6EA000DBA5AF;
			remoteInfo = VideoToolboxSVC;
		};
		D40079DA268F6EA100DBA5AF /* PBXContainerItemProxy */ = {
			isa = PBXContainerItemProxy;
			containerPortal = D40079B1268F6EA000DBA5AF /* Project object */;
			proxyType = 1;
			remoteGlobalIDString = D40079B8268F6EA000DBA5AF;
			remoteInfo = VideoToolboxSVC;
		};
/* End PBXContainerItemProxy section */

/* Begin PBXFileReference section */
		D40079B9268F6EA000DBA5AF /* VideoToolboxSVC.app */ = {isa = PBXFileReference; explicitFileType = wrapper.application; includeInIndex = 0; path = VideoToolboxSVC.app; sourceTree = BUILT_PRODUCTS_DIR; };
		D40079BC268F6EA000DBA5AF /* AppDelegate.swift */ = {isa = PBXFileReference; lastKnownFileType = sourcecode.swift; path = AppDelegate.swift; sourceTree = "<group>"; };
		D40079BE268F6EA000DBA5AF /* SceneDelegate.swift */ = {isa = PBXFileReference; lastKnownFileType = sourcecode.swift; path = SceneDelegate.swift; sourceTree = "<group>"; };
		D40079C0268F6EA000DBA5AF /* ViewController.swift */ = {isa = PBXFileReference; lastKnownFileType = sourcecode.swift; path = ViewController.swift; sourceTree = "<group>"; };
		D40079C3268F6EA000DBA5AF /* Base */ = {isa = PBXFileReference; lastKnownFileType = file.storyboard; name = Base; path = Base.lproj/Main.storyboard; sourceTree = "<group>"; };
		D40079C5268F6EA100DBA5AF /* Assets.xcassets */ = {isa = PBXFileReference; lastKnownFileType = folder.assetcatalog; path = Assets.xcassets; sourceTree = "<group>"; };
		D40079C8268F6EA100DBA5AF /* Base */ = {isa = PBXFileReference; lastKnownFileType = file.storyboard; name = Base; path = Base.lproj/LaunchScreen.storyboard; sourceTree = "<group>"; };
		D40079CA268F6EA100DBA5AF /* Info.plist */ = {isa = PBXFileReference; lastKnownFileType = text.plist.xml; path = Info.plist; sourceTree = "<group>"; };
		D40079CF268F6EA100DBA5AF /* VideoToolboxSVCTests.xctest */ = {isa = PBXFileReference; explicitFileType = wrapper.cfbundle; includeInIndex = 0; path = VideoToolboxSVCTests.xctest; sourceTree = BUILT_PRODUCTS_DIR; };
		D40079D3268F6EA100DBA5AF /* VideoToolboxSVCTests.swift */ = {isa = PBXFileReference; lastKnownFileType = sourcecode.swift; path = VideoToolboxSVCTests.swift; sourceTree = "<group>"; };
		D40079D9268F6EA100DBA5AF /* VideoToolboxSVCUITests.xctest */ = {isa = PBXFileReference; explicitFileType = wrapper.cfbundle; includeInIndex = 0; path = VideoToolboxSVCUITests.xctest; sourceTree = BUILT_PRODUCTS_DIR; };
		D40079DD268F6EA100DBA5AF /* VideoToolboxSVCUITests.swift */ = {isa = PBXFileReference; lastKnownFileType = sourcecode.swift; path = VideoToolboxSVCUITests.swift; sourceTree = "<group>"; };
/* End PBXFileReference section */

/* Begin PBXFrameworksBuildPhase section */
		D40079B6268F6EA000DBA5AF /* Frameworks */ = {
			isa = PBXFrameworksBuildPhase;
			buildActionMask = 2147483647;
			files = (
			);
			runOnlyForDeploymentPostprocessing = 0;
		};
		D40079CC268F6EA100DBA5AF /* Frameworks */ = {
			isa = PBXFrameworksBuildPhase;
			buildActionMask = 2147483647;
			files = (
			);
			runOnlyForDeploymentPostprocessing = 0;
		};
		D40079D6268F6EA100DBA5AF /* Frameworks */ = {
			isa = PBXFrameworksBuildPhase;
			buildActionMask = 2147483647;
			files = (
			);
			runOnlyForDeploymentPostprocessing = 0;
		};
/* End PBXFrameworksBuildPhase section */

/* Begin PBXGroup section */
		D40079B0268F6EA000DBA5AF = {
			isa = PBXGroup;
			children = (
				D40079BB268F6EA000DBA5AF /* VideoToolboxSVC */,
				D40079D2268F6EA100DBA5AF /* VideoToolboxSVCTests */,
				D40079DC268F6EA100DBA5AF /* VideoToolboxSVCUITests */,
				D40079BA268F6EA000DBA5AF /* Products */,
			);
			sourceTree = "<group>";
		};
		D40079BA268F6EA000DBA5AF /* Products */ = {
			isa = PBXGroup;
			children = (
				D40079B9268F6EA000DBA5AF /* VideoToolboxSVC.app */,
				D40079CF268F6EA100DBA5AF /* VideoToolboxSVCTests.xctest */,
				D40079D9268F6EA100DBA5AF /* VideoToolboxSVCUITests.xctest */,
			);
			name = Products;
			sourceTree = "<group>";
		};
		D40079BB268F6EA000DBA5AF /* VideoToolboxSVC */ = {
			isa = PBXGroup;
			children = (
				D40079BC268F6EA000DBA5AF /* AppDelegate.swift */,
				D40079BE268F6EA000DBA5AF /* SceneDelegate.swift */,
				D40079C0268F6EA000DBA5AF /* ViewController.swift */,
				D40079C2268F6EA000DBA5AF /* Main.storyboard */,
				D40079C5268F6EA100DBA5AF /* Assets.xcassets */,
				D40079C7268F6EA100DBA5AF /* LaunchScreen.storyboard */,
				D40079CA268F6EA100DBA5AF /* Info.plist */,
			);
			path = VideoToolboxSVC;
			sourceTree = "<group>";
		};
		D40079D2268F6EA100DBA5AF /* VideoToolboxSVCTests */ = {
			isa = PBXGroup;
			children = (
				D40079D3268F6EA100DBA5AF /* VideoToolboxSVCTests.swift */,
			);
			path = VideoToolboxSVCTests;
			sourceTree = "<group>";
		};
		D40079DC268F6EA100DBA5AF /* VideoToolboxSVCUITests */ = {
			isa = PBXGroup;
			children = (
				D40079DD268F6EA100DBA5AF /* VideoToolboxSVCUITests.swift */,
			);
			path = VideoToolboxSVCUITests;
			sourceTree = "<group>";
		};
/* End PBXGroup section */

/* Begin PBXNativeTarget section */
		D40079B8268F6EA000DBA5AF /* VideoToolboxSVC */ = {
			isa = PBXNativeTarget;
			buildConfigurationList = D40079E1268F6EA100DBA5AF /* Build configuration list for PBXNativeTarget "VideoToolboxSVC" */;
			buildPhases = (
				D40079B5268F6EA000DBA5AF /* Sources */,
				D40079B6268F6EA000DBA5AF /* Frameworks */,
				D40079B7268F6EA000DBA5AF /* Resources */,
			);
			buildRules = (
			);
			dependencies = (
			);
			name = VideoToolboxSVC;
			productName = VideoToolboxSVC;
			productReference = D40079B9268F6EA000DBA5AF /* VideoToolboxSVC.app */;
			productType = "com.apple.product-type.application";
		};
		D40079CE268F6EA100DBA5AF /* VideoToolboxSVCTests */ = {
			isa = PBXNativeTarget;
			buildConfigurationList = D40079E4268F6EA100DBA5AF /* Build configuration list for PBXNativeTarget "VideoToolboxSVCTests" */;
			buildPhases = (
				D40079CB268F6EA100DBA5AF /* Sources */,
				D40079CC268F6EA100DBA5AF /* Frameworks */,
				D40079CD268F6EA100DBA5AF /* Resources */,
			);
			buildRules = (
			);
			dependencies = (
				D40079D1268F6EA100DBA5AF /* PBXTargetDependency */,
			);
			name = VideoToolboxSVCTests;
			productName = VideoToolboxSVCTests;
			productReference = D40079CF268F6EA100DBA5AF /* VideoToolboxSVCTests.xctest */;
			productType = "com.apple.product-type.bundle.unit-test";
		};
		D40079D8268F6EA100DBA5AF /* VideoToolboxSVCUITests */ = {
			isa = PBXNativeTarget;
			buildConfigurationList = D40079E7268F6EA100DBA5AF /* Build configuration list for PBXNativeTarget "VideoToolboxSVCUITests" */;
			buildPhases = (
				D40079D5268F6EA100DBA5AF /* Sources */,
				D40079D6268F6EA100DBA5AF /* Frameworks */,
				D40079D7268F6EA100DBA5AF /* Resources */,
			);
			buildRules = (
			);
			dependencies = (
				D40079DB268F6EA100DBA5AF /* PBXTargetDependency */,
			);
			name = VideoToolboxSVCUITests;
			productName = VideoToolboxSVCUITests;
			productReference = D40079D9268F6EA100DBA5AF /* VideoToolboxSVCUITests.xctest */;
			productType = "com.apple.product-type.bundle.ui-testing";
		};
/* End PBXNativeTarget section */

/* Begin PBXProject section */
		D40079B1268F6EA000DBA5AF /* Project object */ = {
			isa = PBXProject;
			attributes = {
				BuildIndependentTargetsInParallel = 1;
				LastSwiftUpdateCheck = 1300;
				LastUpgradeCheck = 1300;
				TargetAttributes = {
					D40079B8268F6EA000DBA5AF = {
						CreatedOnToolsVersion = 13.0;
					};
					D40079CE268F6EA100DBA5AF = {
						CreatedOnToolsVersion = 13.0;
						TestTargetID = D40079B8268F6EA000DBA5AF;
					};
					D40079D8268F6EA100DBA5AF = {
						CreatedOnToolsVersion = 13.0;
						TestTargetID = D40079B8268F6EA000DBA5AF;
					};
				};
			};
			buildConfigurationList = D40079B4268F6EA000DBA5AF /* Build configuration list for PBXProject "VideoToolboxSVC" */;
			compatibilityVersion = "Xcode 13.0";
			developmentRegion = en;
			hasScannedForEncodings = 0;
			knownRegions = (
				en,
				Base,
			);
			mainGroup = D40079B0268F6EA000DBA5AF;
			productRefGroup = D40079BA268F6EA000DBA5AF /* Products */;
			projectDirPath = "";
			projectRoot = "";
			targets = (
				D40079B8268F6EA000DBA5AF /* VideoToolboxSVC */,
				D40079CE268F6EA100DBA5AF /* VideoToolboxSVCTests */,
				D40079D8268F6EA100DBA5AF /* VideoToolboxSVCUITests */,
			);
		};
/* End PBXProject section */

/* Begin PBXResourcesBuildPhase section */
		D40079B7268F6EA000DBA5AF /* Resources */ = {
			isa = PBXResourcesBuildPhase;
			buildActionMask = 2147483647;
			files = (
				D40079C9268F6EA100DBA5AF /* LaunchScreen.storyboard in Resources */,
				D40079C6268F6EA100DBA5AF /* Assets.xcassets in Resources */,
				D40079C4268F6EA000DBA5AF /* Main.storyboard in Resources */,
			);
			runOnlyForDeploymentPostprocessing = 0;
		};
		D40079CD268F6EA100DBA5AF /* Resources */ = {
			isa = PBXResourcesBuildPhase;
			buildActionMask = 2147483647;
			files = (
			);
			runOnlyForDeploymentPostprocessing = 0;
		};
		D40079D7268F6EA100DBA5AF /* Resources */ = {
			isa = PBXResourcesBuildPhase;
			buildActionMask = 2147483647;
			files = (
			);
			runOnlyForDeploymentPostprocessing = 0;
		};
/* End PBXResourcesBuildPhase section */

/* Begin PBXSourcesBuildPhase section */
		D40079B5268F6EA000DBA5AF /* Sources */ = {
			isa = PBXSourcesBuildPhase;
			buildActionMask = 2147483647;
			files = (
				D40079C1268F6EA000DBA5AF /* ViewController.swift in Sources */,
				D40079BD268F6EA000DBA5AF /* AppDelegate.swift in Sources */,
				D40079BF268F6EA000DBA5AF /* SceneDelegate.swift in Sources */,
			);
			runOnlyForDeploymentPostprocessing = 0;
		};
		D40079CB268F6EA100DBA5AF /* Sources */ = {
			isa = PBXSourcesBuildPhase;
			buildActionMask = 2147483647;
			files = (
				D40079D4268F6EA100DBA5AF /* VideoToolboxSVCTests.swift in Sources */,
			);
			runOnlyForDeploymentPostprocessing = 0;
		};
		D40079D5268F6EA100DBA5AF /* Sources */ = {
			isa = PBXSourcesBuildPhase;
			buildActionMask = 2147483647;
			files = (
				D40079DE268F6EA100DBA5AF /* VideoToolboxSVCUITests.swift in Sources */,
			);
			runOnlyForDeploymentPostprocessing = 0;
		};
/* End PBXSourcesBuildPhase section */

/* Begin PBXTargetDependency section */
		D40079D1268F6EA100DBA5AF /* PBXTargetDependency */ = {
			isa = PBXTargetDependency;
			target = D40079B8268F6EA000DBA5AF /* VideoToolboxSVC */;
			targetProxy = D40079D0268F6EA100DBA5AF /* PBXContainerItemProxy */;
		};
		D40079DB268F6EA100DBA5AF /* PBXTargetDependency */ = {
			isa = PBXTargetDependency;
			target = D40079B8268F6EA000DBA5AF /* VideoToolboxSVC */;
			targetProxy = D40079DA268F6EA100DBA5AF /* PBXContainerItemProxy */;
		};
/* End PBXTargetDependency section */

/* Begin PBXVariantGroup section */
		D40079C2268F6EA000DBA5AF /* Main.storyboard */ = {
			isa = PBXVariantGroup;
			children = (
				D40079C3268F6EA000DBA5AF /* Base */,
			);
			name = Main.storyboard;
			sourceTree = "<group>";
		};
		D40079C7268F6EA100DBA5AF /* LaunchScreen.storyboard */ = {
			isa = PBXVariantGroup;
			children = (
				D40079C8268F6EA100DBA5AF /* Base */,
			);
			name = LaunchScreen.storyboard;
			sourceTree = "<group>";
		};
/* End PBXVariantGroup section */

/* Begin XCBuildConfiguration section */
		D40079DF268F6EA100DBA5AF /* Debug */ = {
			isa = XCBuildConfiguration;
			buildSettings = {
				ALWAYS_SEARCH_USER_PATHS = NO;
				CLANG_ANALYZER_NONNULL = YES;
				CLANG_ANALYZER_NUMBER_OBJECT_CONVERSION = YES_AGGRESSIVE;
				CLANG_CXX_LANGUAGE_STANDARD = "gnu++14";
				CLANG_CXX_LIBRARY = "libc++";
				CLANG_ENABLE_MODULES = YES;
				CLANG_ENABLE_OBJC_ARC = YES;
				CLANG_ENABLE_OBJC_WEAK = YES;
				CLANG_WARN_BLOCK_CAPTURE_AUTORELEASING = YES;
				CLANG_WARN_BOOL_CONVERSION = YES;
				CLANG_WARN_COMMA = YES;
				CLANG_WARN_CONSTANT_CONVERSION = YES;
				CLANG_WARN_DEPRECATED_OBJC_IMPLEMENTATIONS = YES;
				CLANG_WARN_DIRECT_OBJC_ISA_USAGE = YES_ERROR;
				CLANG_WARN_DOCUMENTATION_COMMENTS = YES;
				CLANG_WARN_EMPTY_BODY = YES;
				CLANG_WARN_ENUM_CONVERSION = YES;
				CLANG_WARN_INFINITE_RECURSION = YES;
				CLANG_WARN_INT_CONVERSION = YES;
				CLANG_WARN_NON_LITERAL_NULL_CONVERSION = YES;
				CLANG_WARN_OBJC_IMPLICIT_RETAIN_SELF = YES;
				CLANG_WARN_OBJC_LITERAL_CONVERSION = YES;
				CLANG_WARN_OBJC_ROOT_CLASS = YES_ERROR;
				CLANG_WARN_QUOTED_INCLUDE_IN_FRAMEWORK_HEADER = YES;
				CLANG_WARN_RANGE_LOOP_ANALYSIS = YES;
				CLANG_WARN_STRICT_PROTOTYPES = YES;
				CLANG_WARN_SUSPICIOUS_MOVE = YES;
				CLANG_WARN_UNGUARDED_AVAILABILITY = YES_AGGRESSIVE;
				CLANG_WARN_UNREACHABLE_CODE = YES;
				CLANG_WARN__DUPLICATE_METHOD_MATCH = YES;
				COPY_PHASE_STRIP = NO;
				DEBUG_INFORMATION_FORMAT = dwarf;
				ENABLE_STRICT_OBJC_MSGSEND = YES;
				ENABLE_TESTABILITY = YES;
				GCC_C_LANGUAGE_STANDARD = gnu11;
				GCC_DYNAMIC_NO_PIC = NO;
				GCC_NO_COMMON_BLOCKS = YES;
				GCC_OPTIMIZATION_LEVEL = 0;
				GCC_PREPROCESSOR_DEFINITIONS = (
					"DEBUG=1",
					"$(inherited)",
				);
				GCC_WARN_64_TO_32_BIT_CONVERSION = YES;
				GCC_WARN_ABOUT_RETURN_TYPE = YES_ERROR;
				GCC_WARN_UNDECLARED_SELECTOR = YES;
				GCC_WARN_UNINITIALIZED_AUTOS = YES_AGGRESSIVE;
				GCC_WARN_UNUSED_FUNCTION = YES;
				GCC_WARN_UNUSED_VARIABLE = YES;
				IPHONEOS_DEPLOYMENT_TARGET = 15.0;
				MTL_ENABLE_DEBUG_INFO = INCLUDE_SOURCE;
				MTL_FAST_MATH = YES;
				ONLY_ACTIVE_ARCH = YES;
				SDKROOT = iphoneos;
				SWIFT_ACTIVE_COMPILATION_CONDITIONS = DEBUG;
				SWIFT_OPTIMIZATION_LEVEL = "-Onone";
			};
			name = Debug;
		};
		D40079E0268F6EA100DBA5AF /* Release */ = {
			isa = XCBuildConfiguration;
			buildSettings = {
				ALWAYS_SEARCH_USER_PATHS = NO;
				CLANG_ANALYZER_NONNULL = YES;
				CLANG_ANALYZER_NUMBER_OBJECT_CONVERSION = YES_AGGRESSIVE;
				CLANG_CXX_LANGUAGE_STANDARD = "gnu++14";
				CLANG_CXX_LIBRARY = "libc++";
				CLANG_ENABLE_MODULES = YES;
				CLANG_ENABLE_OBJC_ARC = YES;
				CLANG_ENABLE_OBJC_WEAK = YES;
				CLANG_WARN_BLOCK_CAPTURE_AUTORELEASING = YES;
				CLANG_WARN_BOOL_CONVERSION = YES;
				CLANG_WARN_COMMA = YES;
				CLANG_WARN_CONSTANT_CONVERSION = YES;
				CLANG_WARN_DEPRECATED_OBJC_IMPLEMENTATIONS = YES;
				CLANG_WARN_DIRECT_OBJC_ISA_USAGE = YES_ERROR;
				CLANG_WARN_DOCUMENTATION_COMMENTS = YES;
				CLANG_WARN_EMPTY_BODY = YES;
				CLANG_WARN_ENUM_CONVERSION = YES;
				CLANG_WARN_INFINITE_RECURSION = YES;
				CLANG_WARN_INT_CONVERSION = YES;
				CLANG_WARN_NON_LITERAL_NULL_CONVERSION = YES;
				CLANG_WARN_OBJC_IMPLICIT_RETAIN_SELF = YES;
				CLANG_WARN_OBJC_LITERAL_CONVERSION = YES;
				CLANG_WARN_OBJC_ROOT_CLASS = YES_ERROR;
				CLANG_WARN_QUOTED_INCLUDE_IN_FRAMEWORK_HEADER = YES;
				CLANG_WARN_RANGE_LOOP_ANALYSIS = YES;
				CLANG_WARN_STRICT_PROTOTYPES = YES;
				CLANG_WARN_SUSPICIOUS_MOVE = YES;
				CLANG_WARN_UNGUARDED_AVAILABILITY = YES_AGGRESSIVE;
				CLANG_WARN_UNREACHABLE_CODE = YES;
				CLANG_WARN__DUPLICATE_METHOD_MATCH = YES;
				COPY_PHASE_STRIP = NO;
				DEBUG_INFORMATION_FORMAT = "dwarf-with-dsym";
				ENABLE_NS_ASSERTIONS = NO;
				ENABLE_STRICT_OBJC_MSGSEND = YES;
				GCC_C_LANGUAGE_STANDARD = gnu11;
				GCC_NO_COMMON_BLOCKS = YES;
				GCC_WARN_64_TO_32_BIT_CONVERSION = YES;
				GCC_WARN_ABOUT_RETURN_TYPE = YES_ERROR;
				GCC_WARN_UNDECLARED_SELECTOR = YES;
				GCC_WARN_UNINITIALIZED_AUTOS = YES_AGGRESSIVE;
				GCC_WARN_UNUSED_FUNCTION = YES;
				GCC_WARN_UNUSED_VARIABLE = YES;
				IPHONEOS_DEPLOYMENT_TARGET = 15.0;
				MTL_ENABLE_DEBUG_INFO = NO;
				MTL_FAST_MATH = YES;
				SDKROOT = iphoneos;
				SWIFT_COMPILATION_MODE = wholemodule;
				SWIFT_OPTIMIZATION_LEVEL = "-O";
				VALIDATE_PRODUCT = YES;
			};
			name = Release;
		};
		D40079E2268F6EA100DBA5AF /* Debug */ = {
			isa = XCBuildConfiguration;
			buildSettings = {
				ASSETCATALOG_COMPILER_APPICON_NAME = AppIcon;
				ASSETCATALOG_COMPILER_GLOBAL_ACCENT_COLOR_NAME = AccentColor;
				CODE_SIGN_STYLE = Automatic;
				CURRENT_PROJECT_VERSION = 1;
				DEVELOPMENT_TEAM = 6LDYR79SAY;
				GENERATE_INFOPLIST_FILE = YES;
				INFOPLIST_FILE = VideoToolboxSVC/Info.plist;
				INFOPLIST_KEY_UIApplicationSupportsIndirectInputEvents = YES;
				INFOPLIST_KEY_UILaunchStoryboardName = LaunchScreen;
				INFOPLIST_KEY_UIMainStoryboardFile = Main;
				INFOPLIST_KEY_UISupportedInterfaceOrientations_iPad = "UIInterfaceOrientationPortrait UIInterfaceOrientationPortraitUpsideDown UIInterfaceOrientationLandscapeLeft UIInterfaceOrientationLandscapeRight";
				INFOPLIST_KEY_UISupportedInterfaceOrientations_iPhone = "UIInterfaceOrientationPortrait UIInterfaceOrientationLandscapeLeft UIInterfaceOrientationLandscapeRight";
				LD_RUNPATH_SEARCH_PATHS = (
					"$(inherited)",
					"@executable_path/Frameworks",
				);
				MARKETING_VERSION = 1.0;
				PRODUCT_BUNDLE_IDENTIFIER = blue.joey.VideoToolboxSVC;
				PRODUCT_NAME = "$(TARGET_NAME)";
				SWIFT_EMIT_LOC_STRINGS = YES;
				SWIFT_VERSION = 5.0;
				TARGETED_DEVICE_FAMILY = "1,2";
			};
			name = Debug;
		};
		D40079E3268F6EA100DBA5AF /* Release */ = {
			isa = XCBuildConfiguration;
			buildSettings = {
				ASSETCATALOG_COMPILER_APPICON_NAME = AppIcon;
				ASSETCATALOG_COMPILER_GLOBAL_ACCENT_COLOR_NAME = AccentColor;
				CODE_SIGN_STYLE = Automatic;
				CURRENT_PROJECT_VERSION = 1;
				DEVELOPMENT_TEAM = 6LDYR79SAY;
				GENERATE_INFOPLIST_FILE = YES;
				INFOPLIST_FILE = VideoToolboxSVC/Info.plist;
				INFOPLIST_KEY_UIApplicationSupportsIndirectInputEvents = YES;
				INFOPLIST_KEY_UILaunchStoryboardName = LaunchScreen;
				INFOPLIST_KEY_UIMainStoryboardFile = Main;
				INFOPLIST_KEY_UISupportedInterfaceOrientations_iPad = "UIInterfaceOrientationPortrait UIInterfaceOrientationPortraitUpsideDown UIInterfaceOrientationLandscapeLeft UIInterfaceOrientationLandscapeRight";
				INFOPLIST_KEY_UISupportedInterfaceOrientations_iPhone = "UIInterfaceOrientationPortrait UIInterfaceOrientationLandscapeLeft UIInterfaceOrientationLandscapeRight";
				LD_RUNPATH_SEARCH_PATHS = (
					"$(inherited)",
					"@executable_path/Frameworks",
				);
				MARKETING_VERSION = 1.0;
				PRODUCT_BUNDLE_IDENTIFIER = blue.joey.VideoToolboxSVC;
				PRODUCT_NAME = "$(TARGET_NAME)";
				SWIFT_EMIT_LOC_STRINGS = YES;
				SWIFT_VERSION = 5.0;
				TARGETED_DEVICE_FAMILY = "1,2";
			};
			name = Release;
		};
		D40079E5268F6EA100DBA5AF /* Debug */ = {
			isa = XCBuildConfiguration;
			buildSettings = {
				ALWAYS_EMBED_SWIFT_STANDARD_LIBRARIES = YES;
				BUNDLE_LOADER = "$(TEST_HOST)";
				CODE_SIGN_STYLE = Automatic;
				CURRENT_PROJECT_VERSION = 1;
				DEVELOPMENT_TEAM = 6LDYR79SAY;
				GENERATE_INFOPLIST_FILE = YES;
				IPHONEOS_DEPLOYMENT_TARGET = 15.0;
				LD_RUNPATH_SEARCH_PATHS = (
					"$(inherited)",
					"@executable_path/Frameworks",
					"@loader_path/Frameworks",
				);
				MARKETING_VERSION = 1.0;
				PRODUCT_BUNDLE_IDENTIFIER = blue.joey.VideoToolboxSVCTests;
				PRODUCT_NAME = "$(TARGET_NAME)";
				SWIFT_EMIT_LOC_STRINGS = NO;
				SWIFT_VERSION = 5.0;
				TARGETED_DEVICE_FAMILY = "1,2";
				TEST_HOST = "$(BUILT_PRODUCTS_DIR)/VideoToolboxSVC.app/VideoToolboxSVC";
			};
			name = Debug;
		};
		D40079E6268F6EA100DBA5AF /* Release */ = {
			isa = XCBuildConfiguration;
			buildSettings = {
				ALWAYS_EMBED_SWIFT_STANDARD_LIBRARIES = YES;
				BUNDLE_LOADER = "$(TEST_HOST)";
				CODE_SIGN_STYLE = Automatic;
				CURRENT_PROJECT_VERSION = 1;
				DEVELOPMENT_TEAM = 6LDYR79SAY;
				GENERATE_INFOPLIST_FILE = YES;
				IPHONEOS_DEPLOYMENT_TARGET = 15.0;
				LD_RUNPATH_SEARCH_PATHS = (
					"$(inherited)",
					"@executable_path/Frameworks",
					"@loader_path/Frameworks",
				);
				MARKETING_VERSION = 1.0;
				PRODUCT_BUNDLE_IDENTIFIER = blue.joey.VideoToolboxSVCTests;
				PRODUCT_NAME = "$(TARGET_NAME)";
				SWIFT_EMIT_LOC_STRINGS = NO;
				SWIFT_VERSION = 5.0;
				TARGETED_DEVICE_FAMILY = "1,2";
				TEST_HOST = "$(BUILT_PRODUCTS_DIR)/VideoToolboxSVC.app/VideoToolboxSVC";
			};
			name = Release;
		};
		D40079E8268F6EA100DBA5AF /* Debug */ = {
			isa = XCBuildConfiguration;
			buildSettings = {
				ALWAYS_EMBED_SWIFT_STANDARD_LIBRARIES = YES;
				CODE_SIGN_STYLE = Automatic;
				CURRENT_PROJECT_VERSION = 1;
				DEVELOPMENT_TEAM = 6LDYR79SAY;
				GENERATE_INFOPLIST_FILE = YES;
				LD_RUNPATH_SEARCH_PATHS = (
					"$(inherited)",
					"@executable_path/Frameworks",
					"@loader_path/Frameworks",
				);
				MARKETING_VERSION = 1.0;
				PRODUCT_BUNDLE_IDENTIFIER = blue.joey.VideoToolboxSVCUITests;
				PRODUCT_NAME = "$(TARGET_NAME)";
				SWIFT_EMIT_LOC_STRINGS = NO;
				SWIFT_VERSION = 5.0;
				TARGETED_DEVICE_FAMILY = "1,2";
				TEST_TARGET_NAME = VideoToolboxSVC;
			};
			name = Debug;
		};
		D40079E9268F6EA100DBA5AF /* Release */ = {
			isa = XCBuildConfiguration;
			buildSettings = {
				ALWAYS_EMBED_SWIFT_STANDARD_LIBRARIES = YES;
				CODE_SIGN_STYLE = Automatic;
				CURRENT_PROJECT_VERSION = 1;
				DEVELOPMENT_TEAM = 6LDYR79SAY;
				GENERATE_INFOPLIST_FILE = YES;
				LD_RUNPATH_SEARCH_PATHS = (
					"$(inherited)",
					"@executable_path/Frameworks",
					"@loader_path/Frameworks",
				);
				MARKETING_VERSION = 1.0;
				PRODUCT_BUNDLE_IDENTIFIER = blue.joey.VideoToolboxSVCUITests;
				PRODUCT_NAME = "$(TARGET_NAME)";
				SWIFT_EMIT_LOC_STRINGS = NO;
				SWIFT_VERSION = 5.0;
				TARGETED_DEVICE_FAMILY = "1,2";
				TEST_TARGET_NAME = VideoToolboxSVC;
			};
			name = Release;
		};
/* End XCBuildConfiguration section */

/* Begin XCConfigurationList section */
		D40079B4268F6EA000DBA5AF /* Build configuration list for PBXProject "VideoToolboxSVC" */ = {
			isa = XCConfigurationList;
			buildConfigurations = (
				D40079DF268F6EA100DBA5AF /* Debug */,
				D40079E0268F6EA100DBA5AF /* Release */,
			);
			defaultConfigurationIsVisible = 0;
			defaultConfigurationName = Release;
		};
		D40079E1268F6EA100DBA5AF /* Build configuration list for PBXNativeTarget "VideoToolboxSVC" */ = {
			isa = XCConfigurationList;
			buildConfigurations = (
				D40079E2268F6EA100DBA5AF /* Debug */,
				D40079E3268F6EA100DBA5AF /* Release */,
			);
			defaultConfigurationIsVisible = 0;
			defaultConfigurationName = Release;
		};
		D40079E4268F6EA100DBA5AF /* Build configuration list for PBXNativeTarget "VideoToolboxSVCTests" */ = {
			isa = XCConfigurationList;
			buildConfigurations = (
				D40079E5268F6EA100DBA5AF /* Debug */,
				D40079E6268F6EA100DBA5AF /* Release */,
			);
			defaultConfigurationIsVisible = 0;
			defaultConfigurationName = Release;
		};
		D40079E7268F6EA100DBA5AF /* Build configuration list for PBXNativeTarget "VideoToolboxSVCUITests" */ = {
			isa = XCConfigurationList;
			buildConfigurations = (
				D40079E8268F6EA100DBA5AF /* Debug */,
				D40079E9268F6EA100DBA5AF /* Release */,
			);
			defaultConfigurationIsVisible = 0;
			defaultConfigurationName = Release;
		};
/* End XCConfigurationList section */
	};
	rootObject = D40079B1268F6EA000DBA5AF /* Project object */;
}
